
Microsoft Visual Studio Solution File, Format Version 12.00
# Visual Studio Version 17
VisualStudioVersion = 17.7.34202.233
MinimumVisualStudioVersion = 10.0.40219.1
Project("{FAE04EC0-301F-11D3-BF4B-00C04F79EFBC}") = "Day04TodosCRUD", "Day04TodosCRUD.csproj", "{3702C726-C6EF-415F-AE76-5F6293B04910}"
EndProject
Global
	GlobalSection(SolutionConfigurationPlatforms) = preSolution
		Debug|Any CPU = Debug|Any CPU
		Release|Any CPU = Release|Any CPU
	EndGlobalSection
	GlobalSection(ProjectConfigurationPlatforms) = postSolution
		{3702C726-C6EF-415F-AE76-5F6293B04910}.Debug|Any CPU.ActiveCfg = Debug|Any CPU
		{3702C726-C6EF-415F-AE76-5F6293B04910}.Debug|Any CPU.Build.0 = Debug|Any CPU
		{3702C726-C6EF-415F-AE76-5F6293B04910}.Release|Any CPU.ActiveCfg = Release|Any CPU
		{3702C726-C6EF-415F-AE76-5F6293B04910}.Release|Any CPU.Build.0 = Release|Any CPU
	EndGlobalSection
	GlobalSection(SolutionProperties) = preSolution
		HideSolutionNode = FALSE
	EndGlobalSection
	GlobalSection(ExtensibilityGlobals) = postSolution
		SolutionGuid = {2D227594-C592-448F-ACD4-6E3101CCBBCF}
	EndGlobalSection
EndGlobal
